dependencies:
  axios: 0.18.1
  axios-cookiejar-support: 0.4.2_axios@0.18.1
  esm: 3.2.25
  lodash: 4.17.15
  tough-cookie: 3.0.1
lockfileVersion: 5.1
packages:
  /@types/tough-cookie/2.3.5:
    dev: false
    resolution:
      integrity: sha512-SCcK7mvGi3+ZNz833RRjFIxrn4gI1PPR3NtuIS+6vMkvmsGjosqTJwRt5bAEFLRz+wtJMWv8+uOnZf2hi2QXTg==
  /axios-cookiejar-support/0.4.2_axios@0.18.1:
    dependencies:
      '@types/tough-cookie': 2.3.5
      axios: 0.18.1
      is-redirect: 1.0.0
      pify: 4.0.1
      tough-cookie: 2.5.0
    dev: false
    peerDependencies:
      axios: '>=0.16.2'
    resolution:
      integrity: sha512-Pv1omRwOrObDHS2VfVPf3fGaD/Q8Lnslvhkp5Q6fU3pbU0hTrlZSkvoOwbNyYejNHXXenJ0S+lIxpiPaiAM2bg==
  /axios/0.18.1:
    dependencies:
      follow-redirects: 1.5.10
      is-buffer: 2.0.4
    dev: false
    resolution:
      integrity: sha512-0BfJq4NSfQXd+SkFdrvFbG7addhYSBA2mQwISr46pD6E5iqkWg02RAs8vyTT/j0RTnoYmeXauBuSv1qKwR179g==
  /debug/3.1.0:
    dependencies:
      ms: 2.0.0
    dev: false
    resolution:
      integrity: sha512-OX8XqP7/1a9cqkxYw2yXss15f26NKWBpDXQd0/uK/KPqdQhxbPa994hnzjcE2VqQpDslf55723cKPUOGSmMY3g==
  /esm/3.2.25:
    dev: false
    engines:
      node: '>=6'
    resolution:
      integrity: sha512-U1suiZ2oDVWv4zPO56S0NcR5QriEahGtdN2OR6FiOG4WJvcjBVFB0qI4+eKoWFH483PKGuLuu6V8Z4T5g63UVA==
  /follow-redirects/1.5.10:
    dependencies:
      debug: 3.1.0
    dev: false
    engines:
      node: '>=4.0'
    resolution:
      integrity: sha512-0V5l4Cizzvqt5D44aTXbFZz+FtyXV1vrDN6qrelxtfYQKW0KO0W2T/hkE8xvGa/540LkZlkaUjO4ailYTFtHVQ==
  /ip-regex/2.1.0:
    dev: false
    engines:
      node: '>=4'
    resolution:
      integrity: sha1-+ni/XS5pE8kRzp+BnuUUa7bYROk=
  /is-buffer/2.0.4:
    dev: false
    engines:
      node: '>=4'
    resolution:
      integrity: sha512-Kq1rokWXOPXWuaMAqZiJW4XxsmD9zGx9q4aePabbn3qCRGedtH7Cm+zV8WETitMfu1wdh+Rvd6w5egwSngUX2A==
  /is-redirect/1.0.0:
    dev: false
    engines:
      node: '>=0.10.0'
    resolution:
      integrity: sha1-HQPd7VO9jbDzDCbk+V02/HyH3CQ=
  /lodash/4.17.15:
    dev: false
    resolution:
      integrity: sha512-8xOcRHvCjnocdS5cpwXQXVzmmh5e5+saE2QGoeQmbKmRS6J3VQppPOIt0MnmE+4xlZoumy0GPG0D0MVIQbNA1A==
  /ms/2.0.0:
    dev: false
    resolution:
      integrity: sha1-VgiurfwAvmwpAd9fmGF4jeDVl8g=
  /pify/4.0.1:
    dev: false
    engines:
      node: '>=6'
    resolution:
      integrity: sha512-uB80kBFb/tfd68bVleG9T5GGsGPjJrLAUpR5PZIrhBnIaRTQRjqdJSsIKkOP6OAIFbj7GOrcudc5pNjZ+geV2g==
  /psl/1.4.0:
    dev: false
    resolution:
      integrity: sha512-HZzqCGPecFLyoRj5HLfuDSKYTJkAfB5thKBIkRHtGjWwY7p1dAyveIbXIq4tO0KYfDF2tHqPUgY9SDnGm00uFw==
  /punycode/2.1.1:
    dev: false
    engines:
      node: '>=6'
    resolution:
      integrity: sha512-XRsRjdf+j5ml+y/6GKHPZbrF/8p2Yga0JPtdqTIY2Xe5ohJPD9saDJJLPvp9+NSBprVvevdXZybnj2cv8OEd0A==
  /tough-cookie/2.5.0:
    dependencies:
      psl: 1.4.0
      punycode: 2.1.1
    dev: false
    engines:
      node: '>=0.8'
    resolution:
      integrity: sha512-nlLsUzgm1kfLXSXfRZMc1KLAugd4hqJHDTvc2hDIwS3mZAfMEuMbc03SujMF+GEcpaX/qboeycw6iO8JwVv2+g==
  /tough-cookie/3.0.1:
    dependencies:
      ip-regex: 2.1.0
      psl: 1.4.0
      punycode: 2.1.1
    dev: false
    engines:
      node: '>=6'
    resolution:
      integrity: sha512-yQyJ0u4pZsv9D4clxO69OEjLWYw+jbgspjTue4lTQZLfV0c5l1VmK2y1JK8E9ahdpltPOaAThPcp5nKPUgSnsg==
specifiers:
  axios: ^0.18.1
  axios-cookiejar-support: ^0.4.2
  esm: ^3.2.4
  lodash: ^4.17.13
  tough-cookie: ^3.0.0
