# THIS IS AN AUTOGENERATED FILE. DO NOT EDIT THIS FILE DIRECTLY.
# yarn lockfile v1


"@types/color-name@^1.1.1":
  version "1.1.1"
  resolved "http://nas3.corp.lm2c.be:4873/@types%2fcolor-name/-/color-name-1.1.1.tgz#1c1261bbeaa10a8055bbc5d8ab84b7b2afc846a0"
  integrity sha512-rr+OQyAjxze7GgWrSaJwydHStIhHq2lvY3BOC2Mj7KnzI7XK0Uw1TOOdI9lDoajEbSWLiYgoo4f1R51erQfhPQ==

abort-controller@^3.0.0:
  version "3.0.0"
  resolved "http://nas3.corp.lm2c.be:4873/abort-controller/-/abort-controller-3.0.0.tgz#eaf54d53b62bae4138e809ca225c8439a6efb392"
  integrity sha512-h8lQ8tacZYnR3vNQTgibj+tODHI5/+l06Au2Pcriv/Gmet0eaj4TwWH41sO9wnHDiQsEj19q0drzdWdeAHtweg==
  dependencies:
    event-target-shim "^5.0.0"

agent-base@^4.3.0:
  version "4.3.0"
  resolved "http://nas3.corp.lm2c.be:4873/agent-base/-/agent-base-4.3.0.tgz#8165f01c436009bccad0b1d122f05ed770efc6ee"
  integrity sha512-salcGninV0nPrwpGNn4VTXBb1SOuXQBiqbrNXoeizJsHrsL6ERFM2Ne3JUSBWRE6aeNJI2ROP/WEEIDUiDe3cg==
  dependencies:
    es6-promisify "^5.0.0"

ajv@^6.5.5:
  version "6.10.2"
  resolved "http://nas3.corp.lm2c.be:4873/ajv/-/ajv-6.10.2.tgz#d3cea04d6b017b2894ad69040fec8b623eb4bd52"
  integrity sha512-TXtUUEYHuaTEbLZWIKUr5pmBuhDLy+8KYtPYdcV8qC+pOZL+NKqYwvWSRrVXHn+ZmRRAu8vJTAznH7Oag6RVRw==
  dependencies:
    fast-deep-equal "^2.0.1"
    fast-json-stable-stringify "^2.0.0"
    json-schema-traverse "^0.4.1"
    uri-js "^4.2.2"

ansi-styles@^4.1.0:
  version "4.2.0"
  resolved "http://nas3.corp.lm2c.be:4873/ansi-styles/-/ansi-styles-4.2.0.tgz#5681f0dcf7ae5880a7841d8831c4724ed9cc0172"
  integrity sha512-7kFQgnEaMdRtwf6uSfUnVr9gSGC7faurn+J/Mv90/W+iTtN0405/nLdopfMWwchyxhbGYl6TC4Sccn9TUkGAgg==
  dependencies:
    "@types/color-name" "^1.1.1"
    color-convert "^2.0.1"

array-flatten@^2.1.0:
  version "2.1.2"
  resolved "http://nas3.corp.lm2c.be:4873/array-flatten/-/array-flatten-2.1.2.tgz#24ef80a28c1a893617e2149b0c6d0d788293b099"
  integrity sha512-hNfzcOV8W4NdualtqBFPyVO+54DSJuZGY9qT4pRroB6S9e3iiido2ISIC5h9R2sPJ8H3FHCIiEnsv1lPXO3KtQ==

arrify@^2.0.0:
  version "2.0.1"
  resolved "http://nas3.corp.lm2c.be:4873/arrify/-/arrify-2.0.1.tgz#c9655e9331e0abcd588d2a7cad7e9956f66701fa"
  integrity sha512-3duEwti880xqi4eAMN8AyR4a0ByT90zoYdLlevfrvU43vb0YZwZVfxOgxWrLXXXpyugL0hNZc9G6BiB5B3nUug==

asn1@~0.2.3:
  version "0.2.4"
  resolved "http://nas3.corp.lm2c.be:4873/asn1/-/asn1-0.2.4.tgz#8d2475dfab553bb33e77b54e59e880bb8ce23136"
  integrity sha512-jxwzQpLQjSmWXgwaCZE9Nz+glAG01yF1QnWgbhGwHI5A6FRIEY6IVqtHhIepHqI7/kyEyQEagBC5mBEFlIYvdg==
  dependencies:
    safer-buffer "~2.1.0"

assert-plus@1.0.0, assert-plus@^1.0.0:
  version "1.0.0"
  resolved "http://nas3.corp.lm2c.be:4873/assert-plus/-/assert-plus-1.0.0.tgz#f12e0f3c5d77b0b1cdd9146942e4e96c1e4dd525"
  integrity sha1-8S4PPF13sLHN2RRpQuTpbB5N1SU=

asynckit@^0.4.0:
  version "0.4.0"
  resolved "http://nas3.corp.lm2c.be:4873/asynckit/-/asynckit-0.4.0.tgz#c79ed97f7f34cb8f2ba1bc9790bcc366474b4b79"
  integrity sha1-x57Zf380y48robyXkLzDZkdLS3k=

aws-sign2@~0.7.0:
  version "0.7.0"
  resolved "http://nas3.corp.lm2c.be:4873/aws-sign2/-/aws-sign2-0.7.0.tgz#b46e890934a9591f2d2f6f86d7e6a9f1b3fe76a8"
  integrity sha1-tG6JCTSpWR8tL2+G1+ap8bP+dqg=

aws4@^1.8.0:
  version "1.9.0"
  resolved "http://nas3.corp.lm2c.be:4873/aws4/-/aws4-1.9.0.tgz#24390e6ad61386b0a747265754d2a17219de862c"
  integrity sha512-Uvq6hVe90D0B2WEnUqtdgY1bATGz3mw33nH9Y+dmA+w5DHvUmBgkr5rM/KCHpCsiFNRUfokW/szpPPgMK2hm4A==

base64-js@^1.3.0:
  version "1.3.1"
  resolved "http://nas3.corp.lm2c.be:4873/base64-js/-/base64-js-1.3.1.tgz#58ece8cb75dd07e71ed08c736abc5fac4dbf8df1"
  integrity sha512-mLQ4i2QO1ytvGWFWmcngKO//JXAQueZvwEKtjgQFM4jIK0kU+ytMfplL8j+n5mspOfjHwoAg+9yhb7BwAHm36g==

bcrypt-pbkdf@^1.0.0:
  version "1.0.2"
  resolved "http://nas3.corp.lm2c.be:4873/bcrypt-pbkdf/-/bcrypt-pbkdf-1.0.2.tgz#a4301d389b6a43f9b67ff3ca11a3f6637e360e9e"
  integrity sha1-pDAdOJtqQ/m2f/PKEaP2Y342Dp4=
  dependencies:
    tweetnacl "^0.14.3"

bignumber.js@^7.0.0:
  version "7.2.1"
  resolved "http://nas3.corp.lm2c.be:4873/bignumber.js/-/bignumber.js-7.2.1.tgz#80c048759d826800807c4bfd521e50edbba57a5f"
  integrity sha512-S4XzBk5sMB+Rcb/LNcpzXr57VRTxgAvaAEDAl1AwRx27j00hT84O6OkteE7u8UB3NuaaygCRrEpqox4uDOrbdQ==

bonjour-hap@~3.5.4:
  version "3.5.4"
  resolved "http://nas3.corp.lm2c.be:4873/bonjour-hap/-/bonjour-hap-3.5.4.tgz#ba7d2e6220000cdb50bb80078a72ccdbcefa1c6f"
  integrity sha512-MgU27SEZYQ09Skm71Xa7SZoAg259V4IlAJNWaloFVMlYDn1OjJy3nkwSixRHnDzrcLWocVI84f9exI1ObZChBw==
  dependencies:
    array-flatten "^2.1.0"
    deep-equal "^1.0.1"
    dns-equal "^1.0.0"
    dns-txt "^2.0.2"
    multicast-dns "^7.2.0"
    multicast-dns-service-types "^1.1.0"

buffer-equal-constant-time@1.0.1:
  version "1.0.1"
  resolved "http://nas3.corp.lm2c.be:4873/buffer-equal-constant-time/-/buffer-equal-constant-time-1.0.1.tgz#f8e71132f7ffe6e01a5c9697a4c6f3e48d5cc819"
  integrity sha1-+OcRMvf/5uAaXJaXpMbz5I1cyBk=

buffer-indexof@^1.0.0:
  version "1.1.1"
  resolved "http://nas3.corp.lm2c.be:4873/buffer-indexof/-/buffer-indexof-1.1.1.tgz#52fabcc6a606d1a00302802648ef68f639da268c"
  integrity sha512-4/rOEg86jivtPTeOUUT61jJO1Ya1TrR/OkqCSZDyq84WJh3LuuiphBYJN+fm5xufIk4XAFcEwte/8WzC8If/1g==

caseless@~0.12.0:
  version "0.12.0"
  resolved "http://nas3.corp.lm2c.be:4873/caseless/-/caseless-0.12.0.tgz#1b681c21ff84033c826543090689420d187151dc"
  integrity sha1-G2gcIf+EAzyCZUMJBolCDRhxUdw=

chalk@~3.0.0:
  version "3.0.0"
  resolved "http://nas3.corp.lm2c.be:4873/chalk/-/chalk-3.0.0.tgz#3f73c2bf526591f574cc492c51e2456349f844e4"
  integrity sha512-4D3B6Wf41KOYRFdszmDqMCGq5VV/uMAB273JILmO+3jAlh8X4qDtdtgCR3fxtbLEMzSx22QdhnDcJvu2u1fVwg==
  dependencies:
    ansi-styles "^4.1.0"
    supports-color "^7.1.0"

color-convert@^2.0.1:
  version "2.0.1"
  resolved "http://nas3.corp.lm2c.be:4873/color-convert/-/color-convert-2.0.1.tgz#72d3a68d598c9bdb3af2ad1e84f21d896abd4de3"
  integrity sha512-RRECPsj7iu/xb5oKYcsFHSppFNnsj/52OVTRKb4zP5onXwVF3zVmmToNcOfGC+CRDpfK/U584fMg38ZHCaElKQ==
  dependencies:
    color-name "~1.1.4"

color-name@~1.1.4:
  version "1.1.4"
  resolved "http://nas3.corp.lm2c.be:4873/color-name/-/color-name-1.1.4.tgz#c2a09a87acbde69543de6f63fa3995c826c536a2"
  integrity sha512-dOy+3AuW3a2wNbZHIuMZpTcgjGuLU/uBL/ubcZF9OXbDo8ff4O8yVp5Bf0efS8uEoYo5q4Fx7dY9OgQGXgAsQA==

combined-stream@^1.0.6, combined-stream@~1.0.6:
  version "1.0.8"
  resolved "http://nas3.corp.lm2c.be:4873/combined-stream/-/combined-stream-1.0.8.tgz#c3d45a8b34fd730631a110a8a2520682b31d5a7f"
  integrity sha512-FQN4MRfuJeHf7cBbBMJFXhKSDq+2kAArBlmRBvcvFE5BB1HZKXtSFASDhdlz9zOYwxh8lDdnvmMOe/+5cdoEdg==
  dependencies:
    delayed-stream "~1.0.0"

core-util-is@1.0.2:
  version "1.0.2"
  resolved "http://nas3.corp.lm2c.be:4873/core-util-is/-/core-util-is-1.0.2.tgz#b5fd54220aa2bc5ab57aab7140c940754503c1a7"
  integrity sha1-tf1UIgqivFq1eqtxQMlAdUUDwac=

dashdash@^1.12.0:
  version "1.14.1"
  resolved "http://nas3.corp.lm2c.be:4873/dashdash/-/dashdash-1.14.1.tgz#853cfa0f7cbe2fed5de20326b8dd581035f6e2f0"
  integrity sha1-hTz6D3y+L+1d4gMmuN1YEDX24vA=
  dependencies:
    assert-plus "^1.0.0"

debug@^2.2.0:
  version "2.6.9"
  resolved "http://nas3.corp.lm2c.be:4873/debug/-/debug-2.6.9.tgz#5d128515df134ff327e90a4c93f4e077a536341f"
  integrity sha512-bC7ElrdJaJnPbAP+1EotYvqZsb3ecl5wi6Bfi6BJTUcNowp6cvspg0jXznRTKDjm/E7AdgFBVeAPVMNcKGsHMA==
  dependencies:
    ms "2.0.0"

debug@^3.1.0:
  version "3.2.6"
  resolved "http://nas3.corp.lm2c.be:4873/debug/-/debug-3.2.6.tgz#e83d17de16d8a7efb7717edbe5fb10135eee629b"
  integrity sha512-mel+jf7nrtEl5Pn1Qx46zARXKDpBbvzezse7p7LqINmdoIk8PYP5SySaxEmYv6TZ0JyEKA1hsCId6DIhgITtWQ==
  dependencies:
    ms "^2.1.1"

debug@~4.1.1:
  version "4.1.1"
  resolved "http://nas3.corp.lm2c.be:4873/debug/-/debug-4.1.1.tgz#3b72260255109c6b589cee050f1d516139664791"
  integrity sha512-pYAIzeRo8J6KPEaJ0VWOh5Pzkbw/RetuzehGM7QRRX5he4fPHx2rdKMB256ehJCkX+XRQm16eZLqLNS8RSZXZw==
  dependencies:
    ms "^2.1.1"

deep-equal@^1.0.1:
  version "1.1.1"
  resolved "http://nas3.corp.lm2c.be:4873/deep-equal/-/deep-equal-1.1.1.tgz#b5c98c942ceffaf7cb051e24e1434a25a2e6076a"
  integrity sha512-yd9c5AdiqVcR+JjcwUQb9DkhJc8ngNr0MahEBGvDiJw8puWab2yZlh+nkasOnZP+EGTAP6rRp2JzJhJZzvNF8g==
  dependencies:
    is-arguments "^1.0.4"
    is-date-object "^1.0.1"
    is-regex "^1.0.4"
    object-is "^1.0.1"
    object-keys "^1.1.1"
    regexp.prototype.flags "^1.2.0"

define-properties@^1.1.2, define-properties@^1.1.3:
  version "1.1.3"
  resolved "http://nas3.corp.lm2c.be:4873/define-properties/-/define-properties-1.1.3.tgz#cf88da6cbee26fe6db7094f61d870cbd84cee9f1"
  integrity sha512-3MqfYKj2lLzdMSf8ZIZE/V+Zuy+BgD6f164e8K2w7dgnpKArBDerGYpM46IYYcjnkdPNMjPk9A6VFB8+3SKlXQ==
  dependencies:
    object-keys "^1.0.12"

delayed-stream@~1.0.0:
  version "1.0.0"
  resolved "http://nas3.corp.lm2c.be:4873/delayed-stream/-/delayed-stream-1.0.0.tgz#df3ae199acadfb7d440aaae0b29e2272b24ec619"
  integrity sha1-3zrhmayt+31ECqrgsp4icrJOxhk=

dns-equal@^1.0.0:
  version "1.0.0"
  resolved "http://nas3.corp.lm2c.be:4873/dns-equal/-/dns-equal-1.0.0.tgz#b39e7f1da6eb0a75ba9c17324b34753c47e0654d"
  integrity sha1-s55/HabrCnW6nBcySzR1PEfgZU0=

dns-packet@^4.0.0:
  version "4.2.0"
  resolved "http://nas3.corp.lm2c.be:4873/dns-packet/-/dns-packet-4.2.0.tgz#3fd6f5ff5a4ec3194ed0b15312693ffe8776b343"
  integrity sha512-bn1AKpfkFbm0MIioOMHZ5qJzl2uypdBwI4nYNsqvhjsegBhcKJUlCrMPWLx6JEezRjxZmxhtIz/FkBEur2l8Cw==
  dependencies:
    ip "^1.1.5"
    safe-buffer "^5.1.1"

dns-txt@^2.0.2:
  version "2.0.2"
  resolved "http://nas3.corp.lm2c.be:4873/dns-txt/-/dns-txt-2.0.2.tgz#b91d806f5d27188e4ab3e7d107d881a1cc4642b6"
  integrity sha1-uR2Ab10nGI5Ks+fRB9iBocxGQrY=
  dependencies:
    buffer-indexof "^1.0.0"

ecc-jsbn@~0.1.1:
  version "0.1.2"
  resolved "http://nas3.corp.lm2c.be:4873/ecc-jsbn/-/ecc-jsbn-0.1.2.tgz#3a83a904e54353287874c564b7549386849a98c9"
  integrity sha1-OoOpBOVDUyh4dMVkt1SThoSamMk=
  dependencies:
    jsbn "~0.1.0"
    safer-buffer "^2.1.0"

ecdsa-sig-formatter@1.0.11:
  version "1.0.11"
  resolved "http://nas3.corp.lm2c.be:4873/ecdsa-sig-formatter/-/ecdsa-sig-formatter-1.0.11.tgz#ae0f0fa2d85045ef14a817daa3ce9acd0489e5bf"
  integrity sha512-nagl3RYrbNv6kQkeJIpt6NJZy8twLB/2vtz6yN9Z4vRKHN4/QZJIEbqohALSgwKdnksuY3k5Addp5lg8sVoVcQ==
  dependencies:
    safe-buffer "^5.0.1"

es-abstract@^1.17.0-next.1:
  version "1.17.0-next.1"
  resolved "http://nas3.corp.lm2c.be:4873/es-abstract/-/es-abstract-1.17.0-next.1.tgz#94acc93e20b05a6e96dacb5ab2f1cb3a81fc2172"
  integrity sha512-7MmGr03N7Rnuid6+wyhD9sHNE2n4tFSwExnU2lQl3lIo2ShXWGePY80zYaoMOmILWv57H0amMjZGHNzzGG70Rw==
  dependencies:
    es-to-primitive "^1.2.1"
    function-bind "^1.1.1"
    has "^1.0.3"
    has-symbols "^1.0.1"
    is-callable "^1.1.4"
    is-regex "^1.0.4"
    object-inspect "^1.7.0"
    object-keys "^1.1.1"
    object.assign "^4.1.0"
    string.prototype.trimleft "^2.1.0"
    string.prototype.trimright "^2.1.0"

es-to-primitive@^1.2.1:
  version "1.2.1"
  resolved "http://nas3.corp.lm2c.be:4873/es-to-primitive/-/es-to-primitive-1.2.1.tgz#e55cd4c9cdc188bcefb03b366c736323fc5c898a"
  integrity sha512-QCOllgZJtaUo9miYBcLChTUaHNjJF3PYs1VidD7AwiEj1kYxKeQTctLAezAOH5ZKRH0g2IgPn6KwB4IT8iRpvA==
  dependencies:
    is-callable "^1.1.4"
    is-date-object "^1.0.1"
    is-symbol "^1.0.2"

es6-promise@^4.0.3:
  version "4.2.8"
  resolved "http://nas3.corp.lm2c.be:4873/es6-promise/-/es6-promise-4.2.8.tgz#4eb21594c972bc40553d276e510539143db53e0a"
  integrity sha512-HJDGx5daxeIvxdBxvG2cb9g4tEvwIk3i8+nhX0yGrYmZUzbkdg8QbDevheDB8gd0//uPj4c1EQua8Q+MViT0/w==

es6-promisify@^5.0.0:
  version "5.0.0"
  resolved "http://nas3.corp.lm2c.be:4873/es6-promisify/-/es6-promisify-5.0.0.tgz#5109d62f3e56ea967c4b63505aef08291c8a5203"
  integrity sha1-UQnWLz5W6pZ8S2NQWu8IKRyKUgM=
  dependencies:
    es6-promise "^4.0.3"

esm@^3.2.25:
  version "3.2.25"
  resolved "http://nas3.corp.lm2c.be:4873/esm/-/esm-3.2.25.tgz#342c18c29d56157688ba5ce31f8431fbb795cc10"
  integrity sha512-U1suiZ2oDVWv4zPO56S0NcR5QriEahGtdN2OR6FiOG4WJvcjBVFB0qI4+eKoWFH483PKGuLuu6V8Z4T5g63UVA==

event-target-shim@^5.0.0:
  version "5.0.1"
  resolved "http://nas3.corp.lm2c.be:4873/event-target-shim/-/event-target-shim-5.0.1.tgz#5d4d3ebdf9583d63a5333ce2deb7480ab2b05789"
  integrity sha512-i/2XbnSz/uxRCU6+NdVJgKWDTM427+MqYbkQzD321DuCQJUqOuJKIA0IM2+W2xtYHdKOmZ4dR6fExsd4SXL+WQ==

extend@^3.0.2, extend@~3.0.2:
  version "3.0.2"
  resolved "http://nas3.corp.lm2c.be:4873/extend/-/extend-3.0.2.tgz#f8b1136b4071fbd8eb140aff858b1019ec2915fa"
  integrity sha512-fjquC59cD7CyW6urNXK0FBufkZcoiGG80wTuPujX590cB5Ttln20E2UB4S/WARVqhXffZl2LNgS+gQdPIIim/g==

extsprintf@1.3.0:
  version "1.3.0"
  resolved "http://nas3.corp.lm2c.be:4873/extsprintf/-/extsprintf-1.3.0.tgz#96918440e3041a7a414f8c52e3c574eb3c3e1e05"
  integrity sha1-lpGEQOMEGnpBT4xS48V06zw+HgU=

extsprintf@^1.2.0:
  version "1.4.0"
  resolved "http://nas3.corp.lm2c.be:4873/extsprintf/-/extsprintf-1.4.0.tgz#e2689f8f356fad62cca65a3a91c5df5f9551692f"
  integrity sha1-4mifjzVvrWLMplo6kcXfX5VRaS8=

fakegato-history@^0.5.6:
  version "0.5.6"
  resolved "http://nas3.corp.lm2c.be:4873/fakegato-history/-/fakegato-history-0.5.6.tgz#0b8bef4c67338947d4e89ca135fd3abc3b1f88ae"
  integrity sha512-LlsOkiw9LntVlRlBkssD5ozhEkQzYuEJUlvXk5YAgBQcWzk19PQ5g+NoKfs6SRY1qAeC1onb65hes4mCvY+JmA==
  dependencies:
    debug "^2.2.0"
    googleapis ">39.1.0"
    moment "*"

fast-deep-equal@^2.0.1:
  version "2.0.1"
  resolved "http://nas3.corp.lm2c.be:4873/fast-deep-equal/-/fast-deep-equal-2.0.1.tgz#7b05218ddf9667bf7f370bf7fdb2cb15fdd0aa49"
  integrity sha1-ewUhjd+WZ79/Nwv3/bLLFf3Qqkk=

fast-json-stable-stringify@^2.0.0:
  version "2.1.0"
  resolved "http://nas3.corp.lm2c.be:4873/fast-json-stable-stringify/-/fast-json-stable-stringify-2.1.0.tgz#874bf69c6f404c2b5d99c481341399fd55892633"
  integrity sha512-lhd/wF+Lk98HZoTCtlVraHtfh5XYijIjalXck7saUtuanSDyLMxnHhSXEDJqHxD7msR8D0uCmqlkwjCV8xvwHw==

fast-text-encoding@^1.0.0:
  version "1.0.0"
  resolved "http://nas3.corp.lm2c.be:4873/fast-text-encoding/-/fast-text-encoding-1.0.0.tgz#3e5ce8293409cfaa7177a71b9ca84e1b1e6f25ef"
  integrity sha512-R9bHCvweUxxwkDwhjav5vxpFvdPGlVngtqmx4pIZfSUhM/Q4NiIUHB456BAf+Q1Nwu3HEZYONtu+Rya+af4jiQ==

forever-agent@~0.6.1:
  version "0.6.1"
  resolved "http://nas3.corp.lm2c.be:4873/forever-agent/-/forever-agent-0.6.1.tgz#fbc71f0c41adeb37f96c577ad1ed42d8fdacca91"
  integrity sha1-+8cfDEGt6zf5bFd60e1C2P2sypE=

form-data@~2.3.2:
  version "2.3.3"
  resolved "http://nas3.corp.lm2c.be:4873/form-data/-/form-data-2.3.3.tgz#dcce52c05f644f298c6a7ab936bd724ceffbf3a6"
  integrity sha512-1lLKB2Mu3aGP1Q/2eCOx0fNbRMe7XdwktwOruhfqqd0rIJWwN4Dh+E3hrPSlDCXnSR7UtZ1N38rVXm+6+MEhJQ==
  dependencies:
    asynckit "^0.4.0"
    combined-stream "^1.0.6"
    mime-types "^2.1.12"

function-bind@^1.1.1:
  version "1.1.1"
  resolved "http://nas3.corp.lm2c.be:4873/function-bind/-/function-bind-1.1.1.tgz#a56899d3ea3c9bab874bb9773b7c5ede92f4895d"
  integrity sha512-yIovAzMX49sF8Yl58fSCWJ5svSLuaibPxXQJFLmBObTuCr0Mf1KiPopGM9NiFjiYBCbfaa2Fh6breQ6ANVTI0A==

gaxios@^2.0.1, gaxios@^2.1.0:
  version "2.2.0"
  resolved "http://nas3.corp.lm2c.be:4873/gaxios/-/gaxios-2.2.0.tgz#7c51653c224415ac9218416cb94ff48610b816bc"
  integrity sha512-54Y7s3yvtEO9CZ0yBVQHI5fzS7TzkjlnuLdDEkeyL1SNYMv877VofvA56E/C3dvj3rS7GFiyMWl833Qrr+nrkg==
  dependencies:
    abort-controller "^3.0.0"
    extend "^3.0.2"
    https-proxy-agent "^3.0.0"
    is-stream "^2.0.0"
    node-fetch "^2.3.0"

gcp-metadata@^3.2.0:
  version "3.3.0"
  resolved "http://nas3.corp.lm2c.be:4873/gcp-metadata/-/gcp-metadata-3.3.0.tgz#df061f0c0da3fb274b20f4af0d955030bbc21eac"
  integrity sha512-uO3P/aByOQmoDu5bOYBODHmD1oDCZw7/R8SYY0MdmMQSZVEmeTSxmiM1vwde+YHYSpkaQnAAMAIZuOqLvgfp/Q==
  dependencies:
    gaxios "^2.1.0"
    json-bigint "^0.3.0"

getpass@^0.1.1:
  version "0.1.7"
  resolved "http://nas3.corp.lm2c.be:4873/getpass/-/getpass-0.1.7.tgz#5eff8e3e684d569ae4cb2b1282604e8ba62149fa"
  integrity sha1-Xv+OPmhNVprkyysSgmBOi6YhSfo=
  dependencies:
    assert-plus "^1.0.0"

google-auth-library@^5.6.1:
  version "5.7.0"
  resolved "http://nas3.corp.lm2c.be:4873/google-auth-library/-/google-auth-library-5.7.0.tgz#2d8273793a9177f9f37f3920861f4256419c77ae"
  integrity sha512-uclMldsQNf64Qr67O8TINdnqbU/Ixv81WryX+sF9g7uP0igJ98aCR/uU399u1ABLa53LNsyji+bo+bP8/iL9dA==
  dependencies:
    arrify "^2.0.0"
    base64-js "^1.3.0"
    fast-text-encoding "^1.0.0"
    gaxios "^2.1.0"
    gcp-metadata "^3.2.0"
    gtoken "^4.1.0"
    jws "^3.1.5"
    lru-cache "^5.0.0"

google-p12-pem@^2.0.0:
  version "2.0.3"
  resolved "http://nas3.corp.lm2c.be:4873/google-p12-pem/-/google-p12-pem-2.0.3.tgz#14ecd78a94bd03bf86d74d9d0724787e85c7731f"
  integrity sha512-Tq2kBCANxYYPxaBpTgCpRfdoPs9+/lNzc/Iaee4kuMVW5ascD+HwhpBsTLwH85C9Ev4qfB8KKHmpPQYyD2vg2w==
  dependencies:
    node-forge "^0.9.0"

googleapis-common@^3.2.0:
  version "3.2.0"
  resolved "http://nas3.corp.lm2c.be:4873/googleapis-common/-/googleapis-common-3.2.0.tgz#80e706405065a0fe897b6d15bb2824f8a18e1776"
  integrity sha512-ARTbCRgge1jnPJhXBJbxboofWF0cCYlktEhsc9tQzTDCTIjf8SiQkGmhyakitP4c9lBQAtOX4vYOJQE0En4CGw==
  dependencies:
    extend "^3.0.2"
    gaxios "^2.0.1"
    google-auth-library "^5.6.1"
    qs "^6.7.0"
    url-template "^2.0.8"
    uuid "^3.3.2"

googleapis@>39.1.0:
  version "46.0.0"
  resolved "http://nas3.corp.lm2c.be:4873/googleapis/-/googleapis-46.0.0.tgz#ca261c6e2484adab1accdefb859fb31980e4f1b7"
  integrity sha512-MOA6Qpu0jQfdnWZEyoAfW6duhWZxZxgrIzOtxNmsSj0WgLfot2s0vcAAq7MtCo1OX+/SduCsdJjCzq2tmhuxFw==
  dependencies:
    google-auth-library "^5.6.1"
    googleapis-common "^3.2.0"

gtoken@^4.1.0:
  version "4.1.3"
  resolved "http://nas3.corp.lm2c.be:4873/gtoken/-/gtoken-4.1.3.tgz#efa9e42f59d02731f15de466b09331d7afc393cf"
  integrity sha512-ofW+FiXjswyKdkjMcDbe6E4K7cDDdE82dGDhZIc++kUECqaE7MSErf6arJPAjcnYn1qxE1/Ti06qQuqgVusovQ==
  dependencies:
    gaxios "^2.1.0"
    google-p12-pem "^2.0.0"
    jws "^3.1.5"
    mime "^2.2.0"

har-schema@^2.0.0:
  version "2.0.0"
  resolved "http://nas3.corp.lm2c.be:4873/har-schema/-/har-schema-2.0.0.tgz#a94c2224ebcac04782a0d9035521f24735b7ec92"
  integrity sha1-qUwiJOvKwEeCoNkDVSHyRzW37JI=

har-validator@~5.1.0:
  version "5.1.3"
  resolved "http://nas3.corp.lm2c.be:4873/har-validator/-/har-validator-5.1.3.tgz#1ef89ebd3e4996557675eed9893110dc350fa080"
  integrity sha512-sNvOCzEQNr/qrvJgc3UG/kD4QtlHycrzwS+6mfTrrSq97BvaYcPZZI1ZSqGSPR73Cxn4LKTD4PttRwfU7jWq5g==
  dependencies:
    ajv "^6.5.5"
    har-schema "^2.0.0"

has-flag@^4.0.0:
  version "4.0.0"
  resolved "http://nas3.corp.lm2c.be:4873/has-flag/-/has-flag-4.0.0.tgz#944771fd9c81c81265c4d6941860da06bb59479b"
  integrity sha512-EykJT/Q1KjTWctppgIAgfSO0tKVuZUjhgMr17kqTumMl6Afv3EISleU7qZUzoXDFTAHTDC4NOoG/ZxU3EvlMPQ==

has-symbols@^1.0.0, has-symbols@^1.0.1:
  version "1.0.1"
  resolved "http://nas3.corp.lm2c.be:4873/has-symbols/-/has-symbols-1.0.1.tgz#9f5214758a44196c406d9bd76cebf81ec2dd31e8"
  integrity sha512-PLcsoqu++dmEIZB+6totNFKq/7Do+Z0u4oT0zKOJNl3lYK6vGwwu2hjHs+68OEZbTjiUE9bgOABXbP/GvrS0Kg==

has@^1.0.3:
  version "1.0.3"
  resolved "http://nas3.corp.lm2c.be:4873/has/-/has-1.0.3.tgz#722d7cbfc1f6aa8241f16dd814e011e1f41e8796"
  integrity sha512-f2dvO0VU6Oej7RkWJGrehjbzMAjFp5/VKPp5tTpWIV4JHHZK1/BxbFRtf/siA2SWTe09caDmVtYYzWEIbBS4zw==
  dependencies:
    function-bind "^1.1.1"

homebridge-lib@^4.4.7:
  version "4.4.8"
  resolved "http://nas3.corp.lm2c.be:4873/homebridge-lib/-/homebridge-lib-4.4.8.tgz#460e312bc772d0eb876e5500eeaf99f47e26a1df"
  integrity sha512-tO8bCx8509kmhRHUqAjHEGWm62504o7tqDHziXu1rO6JWiOUUWUntv3PZ+BjLtU0CnRrWXMI33zQox5OjZQqoQ==
  dependencies:
    bonjour-hap "~3.5.4"
    chalk "~3.0.0"
    debug "~4.1.1"
    moment "~2.24.0"
    request "~2.88.0"
    semver "~6.3.0"

http-signature@~1.2.0:
  version "1.2.0"
  resolved "http://nas3.corp.lm2c.be:4873/http-signature/-/http-signature-1.2.0.tgz#9aecd925114772f3d95b65a60abb8f7c18fbace1"
  integrity sha1-muzZJRFHcvPZW2WmCruPfBj7rOE=
  dependencies:
    assert-plus "^1.0.0"
    jsprim "^1.2.2"
    sshpk "^1.7.0"

https-proxy-agent@^3.0.0:
  version "3.0.1"
  resolved "http://nas3.corp.lm2c.be:4873/https-proxy-agent/-/https-proxy-agent-3.0.1.tgz#b8c286433e87602311b01c8ea34413d856a4af81"
  integrity sha512-+ML2Rbh6DAuee7d07tYGEKOEi2voWPUGan+ExdPbPW6Z3svq+JCqr0v8WmKPOkz1vOVykPCBSuobe7G8GJUtVg==
  dependencies:
    agent-base "^4.3.0"
    debug "^3.1.0"

ip@^1.1.5:
  version "1.1.5"
  resolved "http://nas3.corp.lm2c.be:4873/ip/-/ip-1.1.5.tgz#bdded70114290828c0a039e72ef25f5aaec4354a"
  integrity sha1-vd7XARQpCCjAoDnnLvJfWq7ENUo=

is-arguments@^1.0.4:
  version "1.0.4"
  resolved "http://nas3.corp.lm2c.be:4873/is-arguments/-/is-arguments-1.0.4.tgz#3faf966c7cba0ff437fb31f6250082fcf0448cf3"
  integrity sha512-xPh0Rmt8NE65sNzvyUmWgI1tz3mKq74lGA0mL8LYZcoIzKOzDh6HmrYm3d18k60nHerC8A9Km8kYu87zfSFnLA==

is-callable@^1.1.4:
  version "1.1.4"
  resolved "http://nas3.corp.lm2c.be:4873/is-callable/-/is-callable-1.1.4.tgz#1e1adf219e1eeb684d691f9d6a05ff0d30a24d75"
  integrity sha512-r5p9sxJjYnArLjObpjA4xu5EKI3CuKHkJXMhT7kwbpUyIFD1n5PMAsoPvWnvtZiNz7LjkYDRZhd7FlI0eMijEA==

is-date-object@^1.0.1:
  version "1.0.1"
  resolved "http://nas3.corp.lm2c.be:4873/is-date-object/-/is-date-object-1.0.1.tgz#9aa20eb6aeebbff77fbd33e74ca01b33581d3a16"
  integrity sha1-mqIOtq7rv/d/vTPnTKAbM1gdOhY=

is-regex@^1.0.4:
  version "1.0.5"
  resolved "http://nas3.corp.lm2c.be:4873/is-regex/-/is-regex-1.0.5.tgz#39d589a358bf18967f726967120b8fc1aed74eae"
  integrity sha512-vlKW17SNq44owv5AQR3Cq0bQPEb8+kF3UKZ2fiZNOWtztYE5i0CzCZxFDwO58qAOWtxdBRVO/V5Qin1wjCqFYQ==
  dependencies:
    has "^1.0.3"

is-stream@^2.0.0:
  version "2.0.0"
  resolved "http://nas3.corp.lm2c.be:4873/is-stream/-/is-stream-2.0.0.tgz#bde9c32680d6fae04129d6ac9d921ce7815f78e3"
  integrity sha512-XCoy+WlUr7d1+Z8GgSuXmpuUFC9fOhRXglJMx+dwLKTkL44Cjd4W1Z5P+BQZpr+cR93aGP4S/s7Ftw6Nd/kiEw==

is-symbol@^1.0.2:
  version "1.0.3"
  resolved "http://nas3.corp.lm2c.be:4873/is-symbol/-/is-symbol-1.0.3.tgz#38e1014b9e6329be0de9d24a414fd7441ec61937"
  integrity sha512-OwijhaRSgqvhm/0ZdAcXNZt9lYdKFpcRDT5ULUuYXPoT794UNOdU+gpT6Rzo7b4V2HUl/op6GqY894AZwv9faQ==
  dependencies:
    has-symbols "^1.0.1"

is-typedarray@~1.0.0:
  version "1.0.0"
  resolved "http://nas3.corp.lm2c.be:4873/is-typedarray/-/is-typedarray-1.0.0.tgz#e479c80858df0c1b11ddda6940f96011fcda4a9a"
  integrity sha1-5HnICFjfDBsR3dppQPlgEfzaSpo=

isstream@~0.1.2:
  version "0.1.2"
  resolved "http://nas3.corp.lm2c.be:4873/isstream/-/isstream-0.1.2.tgz#47e63f7af55afa6f92e1500e690eb8b8529c099a"
  integrity sha1-R+Y/evVa+m+S4VAOaQ64uFKcCZo=

jsbn@~0.1.0:
  version "0.1.1"
  resolved "http://nas3.corp.lm2c.be:4873/jsbn/-/jsbn-0.1.1.tgz#a5e654c2e5a2deb5f201d96cefbca80c0ef2f513"
  integrity sha1-peZUwuWi3rXyAdls77yoDA7y9RM=

json-bigint@^0.3.0:
  version "0.3.0"
  resolved "http://nas3.corp.lm2c.be:4873/json-bigint/-/json-bigint-0.3.0.tgz#0ccd912c4b8270d05f056fbd13814b53d3825b1e"
  integrity sha1-DM2RLEuCcNBfBW+9E4FLU9OCWx4=
  dependencies:
    bignumber.js "^7.0.0"

json-schema-traverse@^0.4.1:
  version "0.4.1"
  resolved "http://nas3.corp.lm2c.be:4873/json-schema-traverse/-/json-schema-traverse-0.4.1.tgz#69f6a87d9513ab8bb8fe63bdb0979c448e684660"
  integrity sha512-xbbCH5dCYU5T8LcEhhuh7HJ88HXuW3qsI3Y0zOZFKfZEHcpWiHU/Jxzk629Brsab/mMiHQti9wMP+845RPe3Vg==

json-schema@0.2.3:
  version "0.2.3"
  resolved "http://nas3.corp.lm2c.be:4873/json-schema/-/json-schema-0.2.3.tgz#b480c892e59a2f05954ce727bd3f2a4e882f9e13"
  integrity sha1-tIDIkuWaLwWVTOcnvT8qTogvnhM=

json-stringify-safe@~5.0.1:
  version "5.0.1"
  resolved "http://nas3.corp.lm2c.be:4873/json-stringify-safe/-/json-stringify-safe-5.0.1.tgz#1296a2d58fd45f19a0f6ce01d65701e2c735b6eb"
  integrity sha1-Epai1Y/UXxmg9s4B1lcB4sc1tus=

jsprim@^1.2.2:
  version "1.4.1"
  resolved "http://nas3.corp.lm2c.be:4873/jsprim/-/jsprim-1.4.1.tgz#313e66bc1e5cc06e438bc1b7499c2e5c56acb6a2"
  integrity sha1-MT5mvB5cwG5Di8G3SZwuXFastqI=
  dependencies:
    assert-plus "1.0.0"
    extsprintf "1.3.0"
    json-schema "0.2.3"
    verror "1.10.0"

jwa@^1.4.1:
  version "1.4.1"
  resolved "http://nas3.corp.lm2c.be:4873/jwa/-/jwa-1.4.1.tgz#743c32985cb9e98655530d53641b66c8645b039a"
  integrity sha512-qiLX/xhEEFKUAJ6FiBMbes3w9ATzyk5W7Hvzpa/SLYdxNtng+gcurvrI7TbACjIXlsJyr05/S1oUhZrc63evQA==
  dependencies:
    buffer-equal-constant-time "1.0.1"
    ecdsa-sig-formatter "1.0.11"
    safe-buffer "^5.0.1"

jws@^3.1.5:
  version "3.2.2"
  resolved "http://nas3.corp.lm2c.be:4873/jws/-/jws-3.2.2.tgz#001099f3639468c9414000e99995fa52fb478304"
  integrity sha512-YHlZCB6lMTllWDtSPHz/ZXTsi8S00usEV6v1tjq8tOUZzw7DpSDWVXjXDre6ed1w/pd495ODpHZYSdkRTsa0HA==
  dependencies:
    jwa "^1.4.1"
    safe-buffer "^5.0.1"

lodash@^4.17.15:
  version "4.17.15"
  resolved "http://nas3.corp.lm2c.be:4873/lodash/-/lodash-4.17.15.tgz#b447f6670a0455bbfeedd11392eff330ea097548"
  integrity sha512-8xOcRHvCjnocdS5cpwXQXVzmmh5e5+saE2QGoeQmbKmRS6J3VQppPOIt0MnmE+4xlZoumy0GPG0D0MVIQbNA1A==

lru-cache@^5.0.0:
  version "5.1.1"
  resolved "http://nas3.corp.lm2c.be:4873/lru-cache/-/lru-cache-5.1.1.tgz#1da27e6710271947695daf6848e847f01d84b920"
  integrity sha512-KpNARQA3Iwv+jTA0utUVVbrh+Jlrr1Fv0e56GGzAFOXN7dk/FviaDW8LHmK52DlcH4WP2n6gI8vN1aesBFgo9w==
  dependencies:
    yallist "^3.0.2"

mime-db@1.42.0:
  version "1.42.0"
  resolved "http://nas3.corp.lm2c.be:4873/mime-db/-/mime-db-1.42.0.tgz#3e252907b4c7adb906597b4b65636272cf9e7bac"
  integrity sha512-UbfJCR4UAVRNgMpfImz05smAXK7+c+ZntjaA26ANtkXLlOe947Aag5zdIcKQULAiF9Cq4WxBi9jUs5zkA84bYQ==

mime-types@^2.1.12, mime-types@~2.1.19:
  version "2.1.25"
  resolved "http://nas3.corp.lm2c.be:4873/mime-types/-/mime-types-2.1.25.tgz#39772d46621f93e2a80a856c53b86a62156a6437"
  integrity sha512-5KhStqB5xpTAeGqKBAMgwaYMnQik7teQN4IAzC7npDv6kzeU6prfkR67bc87J1kWMPGkoaZSq1npmexMgkmEVg==
  dependencies:
    mime-db "1.42.0"

mime@^2.2.0:
  version "2.4.4"
  resolved "http://nas3.corp.lm2c.be:4873/mime/-/mime-2.4.4.tgz#bd7b91135fc6b01cde3e9bae33d659b63d8857e5"
  integrity sha512-LRxmNwziLPT828z+4YkNzloCFC2YM4wrB99k+AV5ZbEyfGNWfG8SO1FUXLmLDBSo89NrJZ4DIWeLjy1CHGhMGA==

moment@*, moment@^2.24.0, moment@~2.24.0:
  version "2.24.0"
  resolved "http://nas3.corp.lm2c.be:4873/moment/-/moment-2.24.0.tgz#0d055d53f5052aa653c9f6eb68bb5d12bf5c2b5b"
  integrity sha512-bV7f+6l2QigeBBZSM/6yTNq4P2fNpSWj/0e7jQcy87A8e7o2nAfP/34/2ky5Vw4B9S446EtIhodAzkFCcR4dQg==

ms@2.0.0:
  version "2.0.0"
  resolved "http://nas3.corp.lm2c.be:4873/ms/-/ms-2.0.0.tgz#5608aeadfc00be6c2901df5f9861788de0d597c8"
  integrity sha1-VgiurfwAvmwpAd9fmGF4jeDVl8g=

ms@^2.1.1:
  version "2.1.2"
  resolved "http://nas3.corp.lm2c.be:4873/ms/-/ms-2.1.2.tgz#d09d1f357b443f493382a8eb3ccd183872ae6009"
  integrity sha512-sGkPx+VjMtmA6MX27oA4FBFELFCZZ4S4XqeGOXCv68tT+jb3vk/RyaKWP0PTKyWtmLSM0b+adUTEvbs1PEaH2w==

multicast-dns-service-types@^1.1.0:
  version "1.1.0"
  resolved "http://nas3.corp.lm2c.be:4873/multicast-dns-service-types/-/multicast-dns-service-types-1.1.0.tgz#899f11d9686e5e05cb91b35d5f0e63b773cfc901"
  integrity sha1-iZ8R2WhuXgXLkbNdXw5jt3PPyQE=

multicast-dns@^7.2.0:
  version "7.2.0"
  resolved "http://nas3.corp.lm2c.be:4873/multicast-dns/-/multicast-dns-7.2.0.tgz#7aa49a7efba931a346011aa02e7d1c314a65ac77"
  integrity sha512-Tu2QORGOFANB124NWQ/JTRhMf/ODouVLEuvu5Dz8YWEU55zQgRgFGnBHfIh5PbfNDAuaRl7yLB+pgWhSqVxi2Q==
  dependencies:
    dns-packet "^4.0.0"
    thunky "^1.0.2"

node-fetch-cookies@^1.2.3:
  version "1.3.4"
  resolved "http://nas3.corp.lm2c.be:4873/node-fetch-cookies/-/node-fetch-cookies-1.3.4.tgz#8a926a3df714c96f73c6b102ff99a51dd487fb1e"
  integrity sha512-RuhrWjLdBHSKpadkROeeZZen8VinaShh3Yuo2m9xtT1uBD9yheHPo8fAbp+ikcYrlrF3Xu43WrUgZ7J5heM/YA==
  dependencies:
    node-fetch "^2.6.0"

node-fetch@^2.3.0, node-fetch@^2.6.0:
  version "2.6.0"
  resolved "http://nas3.corp.lm2c.be:4873/node-fetch/-/node-fetch-2.6.0.tgz#e633456386d4aa55863f676a7ab0daa8fdecb0fd"
  integrity sha512-8dG4H5ujfvFiqDmVu9fQ5bOHUC15JMjMY/Zumv26oOvvVJjM67KF8koCWIabKQ1GJIa9r2mMZscBq/TbdOcmNA==

node-forge@^0.9.0:
  version "0.9.1"
  resolved "http://nas3.corp.lm2c.be:4873/node-forge/-/node-forge-0.9.1.tgz#775368e6846558ab6676858a4d8c6e8d16c677b5"
  integrity sha512-G6RlQt5Sb4GMBzXvhfkeFmbqR6MzhtnT7VTHuLadjkii3rdYHNdw0m8zA4BTxVIh68FicCQ2NSUANpsqkr9jvQ==

oauth-sign@~0.9.0:
  version "0.9.0"
  resolved "http://nas3.corp.lm2c.be:4873/oauth-sign/-/oauth-sign-0.9.0.tgz#47a7b016baa68b5fa0ecf3dee08a85c679ac6455"
  integrity sha512-fexhUFFPTGV8ybAtSIGbV6gOkSv8UtRbDBnAyLQw4QPKkgNlsH2ByPGtMUqdWkos6YCRmAqViwgZrJc/mRDzZQ==

object-inspect@^1.7.0:
  version "1.7.0"
  resolved "http://nas3.corp.lm2c.be:4873/object-inspect/-/object-inspect-1.7.0.tgz#f4f6bd181ad77f006b5ece60bd0b6f398ff74a67"
  integrity sha512-a7pEHdh1xKIAgTySUGgLMx/xwDZskN1Ud6egYYN3EdRW4ZMPNEDUTF+hwy2LUC+Bl+SyLXANnwz/jyh/qutKUw==

object-is@^1.0.1:
  version "1.0.2"
  resolved "http://nas3.corp.lm2c.be:4873/object-is/-/object-is-1.0.2.tgz#6b80eb84fe451498f65007982f035a5b445edec4"
  integrity sha512-Epah+btZd5wrrfjkJZq1AOB9O6OxUQto45hzFd7lXGrpHPGE0W1k+426yrZV+k6NJOzLNNW/nVsmZdIWsAqoOQ==

object-keys@^1.0.11, object-keys@^1.0.12, object-keys@^1.1.1:
  version "1.1.1"
  resolved "http://nas3.corp.lm2c.be:4873/object-keys/-/object-keys-1.1.1.tgz#1c47f272df277f3b1daf061677d9c82e2322c60e"
  integrity sha512-NuAESUOUMrlIXOfHKzD6bpPu3tYt3xvjNdRIQ+FeT0lNb4K8WR70CaDxhuNguS2XG+GjkyMwOzsN5ZktImfhLA==

object.assign@^4.1.0:
  version "4.1.0"
  resolved "http://nas3.corp.lm2c.be:4873/object.assign/-/object.assign-4.1.0.tgz#968bf1100d7956bb3ca086f006f846b3bc4008da"
  integrity sha512-exHJeq6kBKj58mqGyTQ9DFvrZC/eR6OwxzoM9YRoGBqrXYonaFyGiFMuc9VZrXf7DarreEwMpurG3dd+CNyW5w==
  dependencies:
    define-properties "^1.1.2"
    function-bind "^1.1.1"
    has-symbols "^1.0.0"
    object-keys "^1.0.11"

performance-now@^2.1.0:
  version "2.1.0"
  resolved "http://nas3.corp.lm2c.be:4873/performance-now/-/performance-now-2.1.0.tgz#6309f4e0e5fa913ec1c69307ae364b4b377c9e7b"
  integrity sha1-Ywn04OX6kT7BxpMHrjZLSzd8nns=

psl@^1.1.24:
  version "1.6.0"
  resolved "http://nas3.corp.lm2c.be:4873/psl/-/psl-1.6.0.tgz#60557582ee23b6c43719d9890fb4170ecd91e110"
  integrity sha512-SYKKmVel98NCOYXpkwUqZqh0ahZeeKfmisiLIcEZdsb+WbLv02g/dI5BUmZnIyOe7RzZtLax81nnb2HbvC2tzA==

punycode@^1.4.1:
  version "1.4.1"
  resolved "http://nas3.corp.lm2c.be:4873/punycode/-/punycode-1.4.1.tgz#c0d5a63b2718800ad8e1eb0fa5269c84dd41845e"
  integrity sha1-wNWmOycYgArY4esPpSachN1BhF4=

punycode@^2.1.0:
  version "2.1.1"
  resolved "http://nas3.corp.lm2c.be:4873/punycode/-/punycode-2.1.1.tgz#b58b010ac40c22c5657616c8d2c2c02c7bf479ec"
  integrity sha512-XRsRjdf+j5ml+y/6GKHPZbrF/8p2Yga0JPtdqTIY2Xe5ohJPD9saDJJLPvp9+NSBprVvevdXZybnj2cv8OEd0A==

qs@^6.7.0:
  version "6.9.1"
  resolved "http://nas3.corp.lm2c.be:4873/qs/-/qs-6.9.1.tgz#20082c65cb78223635ab1a9eaca8875a29bf8ec9"
  integrity sha512-Cxm7/SS/y/Z3MHWSxXb8lIFqgqBowP5JMlTUFyJN88y0SGQhVmZnqFK/PeuMX9LzUyWsqqhNxIyg0jlzq946yA==

qs@~6.5.2:
  version "6.5.2"
  resolved "http://nas3.corp.lm2c.be:4873/qs/-/qs-6.5.2.tgz#cb3ae806e8740444584ef154ce8ee98d403f3e36"
  integrity sha512-N5ZAX4/LxJmF+7wN74pUD6qAh9/wnvdQcjq9TZjevvXzSUo7bfmw91saqMjzGS2xq91/odN2dW/WOl7qQHNDGA==

regexp.prototype.flags@^1.2.0:
  version "1.3.0"
  resolved "http://nas3.corp.lm2c.be:4873/regexp.prototype.flags/-/regexp.prototype.flags-1.3.0.tgz#7aba89b3c13a64509dabcf3ca8d9fbb9bdf5cb75"
  integrity sha512-2+Q0C5g951OlYlJz6yu5/M33IcsESLlLfsyIaLJaG4FA2r4yP8MvVMJUUP/fVBkSpbbbZlS5gynbEWLipiiXiQ==
  dependencies:
    define-properties "^1.1.3"
    es-abstract "^1.17.0-next.1"

request@~2.88.0:
  version "2.88.0"
  resolved "http://nas3.corp.lm2c.be:4873/request/-/request-2.88.0.tgz#9c2fca4f7d35b592efe57c7f0a55e81052124fef"
  integrity sha512-NAqBSrijGLZdM0WZNsInLJpkJokL72XYjUpnB0iwsRgxh7dB6COrHnTBNwN0E+lHDAJzu7kLAkDeY08z2/A0hg==
  dependencies:
    aws-sign2 "~0.7.0"
    aws4 "^1.8.0"
    caseless "~0.12.0"
    combined-stream "~1.0.6"
    extend "~3.0.2"
    forever-agent "~0.6.1"
    form-data "~2.3.2"
    har-validator "~5.1.0"
    http-signature "~1.2.0"
    is-typedarray "~1.0.0"
    isstream "~0.1.2"
    json-stringify-safe "~5.0.1"
    mime-types "~2.1.19"
    oauth-sign "~0.9.0"
    performance-now "^2.1.0"
    qs "~6.5.2"
    safe-buffer "^5.1.2"
    tough-cookie "~2.4.3"
    tunnel-agent "^0.6.0"
    uuid "^3.3.2"

rxjs@^6.5.3:
  version "6.5.3"
  resolved "http://nas3.corp.lm2c.be:4873/rxjs/-/rxjs-6.5.3.tgz#510e26317f4db91a7eb1de77d9dd9ba0a4899a3a"
  integrity sha512-wuYsAYYFdWTAnAaPoKGNhfpWwKZbJW+HgAJ+mImp+Epl7BG8oNWBCTyRM8gba9k4lk8BgWdoYm21Mo/RYhhbgA==
  dependencies:
    tslib "^1.9.0"

safe-buffer@^5.0.1, safe-buffer@^5.1.1, safe-buffer@^5.1.2:
  version "5.2.0"
  resolved "http://nas3.corp.lm2c.be:4873/safe-buffer/-/safe-buffer-5.2.0.tgz#b74daec49b1148f88c64b68d49b1e815c1f2f519"
  integrity sha512-fZEwUGbVl7kouZs1jCdMLdt95hdIv0ZeHg6L7qPeciMZhZ+/gdesW4wgTARkrFWEpspjEATAzUGPG8N2jJiwbg==

safer-buffer@^2.0.2, safer-buffer@^2.1.0, safer-buffer@~2.1.0:
  version "2.1.2"
  resolved "http://nas3.corp.lm2c.be:4873/safer-buffer/-/safer-buffer-2.1.2.tgz#44fa161b0187b9549dd84bb91802f9bd8385cd6a"
  integrity sha512-YZo3K82SD7Riyi0E1EQPojLz7kpepnSQI9IyPbHHg1XXXevb5dJI7tpyN2ADxGcQbHG7vcyRHk0cbwqcQriUtg==

semver@~6.3.0:
  version "6.3.0"
  resolved "http://nas3.corp.lm2c.be:4873/semver/-/semver-6.3.0.tgz#ee0a64c8af5e8ceea67687b133761e1becbd1d3d"
  integrity sha512-b39TBaTSfV6yBrapU89p5fKekE2m/NwnDocOVruQFS1/veMgdzuPcnOM34M6CwxW8jH/lxEa5rBoDeUwu5HHTw==

sshpk@^1.7.0:
  version "1.16.1"
  resolved "http://nas3.corp.lm2c.be:4873/sshpk/-/sshpk-1.16.1.tgz#fb661c0bef29b39db40769ee39fa70093d6f6877"
  integrity sha512-HXXqVUq7+pcKeLqqZj6mHFUMvXtOJt1uoUx09pFW6011inTMxqI8BA8PM95myrIyyKwdnzjdFjLiE6KBPVtJIg==
  dependencies:
    asn1 "~0.2.3"
    assert-plus "^1.0.0"
    bcrypt-pbkdf "^1.0.0"
    dashdash "^1.12.0"
    ecc-jsbn "~0.1.1"
    getpass "^0.1.1"
    jsbn "~0.1.0"
    safer-buffer "^2.0.2"
    tweetnacl "~0.14.0"

string.prototype.trimleft@^2.1.0:
  version "2.1.0"
  resolved "http://nas3.corp.lm2c.be:4873/string.prototype.trimleft/-/string.prototype.trimleft-2.1.0.tgz#6cc47f0d7eb8d62b0f3701611715a3954591d634"
  integrity sha512-FJ6b7EgdKxxbDxc79cOlok6Afd++TTs5szo+zJTUyow3ycrRfJVE2pq3vcN53XexvKZu/DJMDfeI/qMiZTrjTw==
  dependencies:
    define-properties "^1.1.3"
    function-bind "^1.1.1"

string.prototype.trimright@^2.1.0:
  version "2.1.0"
  resolved "http://nas3.corp.lm2c.be:4873/string.prototype.trimright/-/string.prototype.trimright-2.1.0.tgz#669d164be9df9b6f7559fa8e89945b168a5a6c58"
  integrity sha512-fXZTSV55dNBwv16uw+hh5jkghxSnc5oHq+5K/gXgizHwAvMetdAJlHqqoFC1FSDVPYWLkAKl2cxpUT41sV7nSg==
  dependencies:
    define-properties "^1.1.3"
    function-bind "^1.1.1"

supports-color@^7.1.0:
  version "7.1.0"
  resolved "http://nas3.corp.lm2c.be:4873/supports-color/-/supports-color-7.1.0.tgz#68e32591df73e25ad1c4b49108a2ec507962bfd1"
  integrity sha512-oRSIpR8pxT1Wr2FquTNnGet79b3BWljqOuoW/h4oBhxJ/HUbX5nX6JSruTkvXDCFMwDPvsaTTbvMLKZWSy0R5g==
  dependencies:
    has-flag "^4.0.0"

thunky@^1.0.2:
  version "1.1.0"
  resolved "http://nas3.corp.lm2c.be:4873/thunky/-/thunky-1.1.0.tgz#5abaf714a9405db0504732bbccd2cedd9ef9537d"
  integrity sha512-eHY7nBftgThBqOyHGVN+l8gF0BucP09fMo0oO/Lb0w1OF80dJv+lDVpXG60WMQvkcxAkNybKsrEIE3ZtKGmPrA==

tough-cookie@~2.4.3:
  version "2.4.3"
  resolved "http://nas3.corp.lm2c.be:4873/tough-cookie/-/tough-cookie-2.4.3.tgz#53f36da3f47783b0925afa06ff9f3b165280f781"
  integrity sha512-Q5srk/4vDM54WJsJio3XNn6K2sCG+CQ8G5Wz6bZhRZoAe/+TxjWB/GlFAnYEbkYVlON9FMk/fE3h2RLpPXo4lQ==
  dependencies:
    psl "^1.1.24"
    punycode "^1.4.1"

tslib@^1.9.0:
  version "1.10.0"
  resolved "http://nas3.corp.lm2c.be:4873/tslib/-/tslib-1.10.0.tgz#c3c19f95973fb0a62973fb09d90d961ee43e5c8a"
  integrity sha512-qOebF53frne81cf0S9B41ByenJ3/IuH8yJKngAX35CmiZySA0khhkovshKK+jGCaMnVomla7gVlIcc3EvKPbTQ==

tunnel-agent@^0.6.0:
  version "0.6.0"
  resolved "http://nas3.corp.lm2c.be:4873/tunnel-agent/-/tunnel-agent-0.6.0.tgz#27a5dea06b36b04a0a9966774b290868f0fc40fd"
  integrity sha1-J6XeoGs2sEoKmWZ3SykIaPD8QP0=
  dependencies:
    safe-buffer "^5.0.1"

tweetnacl@^0.14.3, tweetnacl@~0.14.0:
  version "0.14.5"
  resolved "http://nas3.corp.lm2c.be:4873/tweetnacl/-/tweetnacl-0.14.5.tgz#5ae68177f192d4456269d108afa93ff8743f4f64"
  integrity sha1-WuaBd/GS1EViadEIr6k/+HQ/T2Q=

uri-js@^4.2.2:
  version "4.2.2"
  resolved "http://nas3.corp.lm2c.be:4873/uri-js/-/uri-js-4.2.2.tgz#94c540e1ff772956e2299507c010aea6c8838eb0"
  integrity sha512-KY9Frmirql91X2Qgjry0Wd4Y+YTdrdZheS8TFwvkbLWf/G5KNJDCh6pKL5OZctEW4+0Baa5idK2ZQuELRwPznQ==
  dependencies:
    punycode "^2.1.0"

url-template@^2.0.8:
  version "2.0.8"
  resolved "http://nas3.corp.lm2c.be:4873/url-template/-/url-template-2.0.8.tgz#fc565a3cccbff7730c775f5641f9555791439f21"
  integrity sha1-/FZaPMy/93MMd19WQflVV5FDnyE=

uuid@^3.3.2:
  version "3.3.3"
  resolved "http://nas3.corp.lm2c.be:4873/uuid/-/uuid-3.3.3.tgz#4568f0216e78760ee1dbf3a4d2cf53e224112866"
  integrity sha512-pW0No1RGHgzlpHJO1nsVrHKpOEIxkGg1xB+v0ZmdNH5OAeAwzAVrCnI2/6Mtx+Uys6iaylxa+D3g4j63IKKjSQ==

verror@1.10.0:
  version "1.10.0"
  resolved "http://nas3.corp.lm2c.be:4873/verror/-/verror-1.10.0.tgz#3a105ca17053af55d6e270c1f8288682e18da400"
  integrity sha1-OhBcoXBTr1XW4nDB+CiGguGNpAA=
  dependencies:
    assert-plus "^1.0.0"
    core-util-is "1.0.2"
    extsprintf "^1.2.0"

yallist@^3.0.2:
  version "3.1.1"
  resolved "http://nas3.corp.lm2c.be:4873/yallist/-/yallist-3.1.1.tgz#dbb7daf9bfd8bac9ab45ebf602b8cbad0d5d08fd"
  integrity sha512-a4UGQaWPH59mOXUYnAG2ewncQS4i4F43Tv3JoAM+s2VDAmS9NsK8GpDMLrCHPksFT7h3K6TOoUNn2pb7RoXx4g==
